
Microsoft Visual Studio Solution File, Format Version 12.00
# Visual Studio Version 17
VisualStudioVersion = 17.5.33530.505
MinimumVisualStudioVersion = 10.0.40219.1
Project("{FAE04EC0-301F-11D3-BF4B-00C04F79EFBC}") = "proyectoZoologico", "proyectoZoologico.csproj", "{614E1AB9-74B9-4F63-AF0D-20E61D5FCA18}"
EndProject
Project("{FAE04EC0-301F-11D3-BF4B-00C04F79EFBC}") = "zooApi", "..\zooApi\zooApi.csproj", "{F985C153-4E3E-4FAF-911A-BB389B3A92AE}"
EndProject
Global
	GlobalSection(SolutionConfigurationPlatforms) = preSolution
		Debug|Any CPU = Debug|Any CPU
		Release|Any CPU = Release|Any CPU
	EndGlobalSection
	GlobalSection(ProjectConfigurationPlatforms) = postSolution
		{614E1AB9-74B9-4F63-AF0D-20E61D5FCA18}.Debug|Any CPU.ActiveCfg = Debug|Any CPU
		{614E1AB9-74B9-4F63-AF0D-20E61D5FCA18}.Debug|Any CPU.Build.0 = Debug|Any CPU
		{614E1AB9-74B9-4F63-AF0D-20E61D5FCA18}.Release|Any CPU.ActiveCfg = Release|Any CPU
		{614E1AB9-74B9-4F63-AF0D-20E61D5FCA18}.Release|Any CPU.Build.0 = Release|Any CPU
		{F985C153-4E3E-4FAF-911A-BB389B3A92AE}.Debug|Any CPU.ActiveCfg = Debug|Any CPU
		{F985C153-4E3E-4FAF-911A-BB389B3A92AE}.Debug|Any CPU.Build.0 = Debug|Any CPU
		{F985C153-4E3E-4FAF-911A-BB389B3A92AE}.Release|Any CPU.ActiveCfg = Release|Any CPU
		{F985C153-4E3E-4FAF-911A-BB389B3A92AE}.Release|Any CPU.Build.0 = Release|Any CPU
	EndGlobalSection
	GlobalSection(SolutionProperties) = preSolution
		HideSolutionNode = FALSE
	EndGlobalSection
	GlobalSection(ExtensibilityGlobals) = postSolution
		SolutionGuid = {B686C863-1752-47FC-8E0A-84983C1A52AB}
	EndGlobalSection
EndGlobal
